# THIS IS AN AUTOGENERATED FILE. DO NOT EDIT THIS FILE DIRECTLY.
# yarn lockfile v1


"@react-navigation/core@^5.13.2":
  version "5.13.2"
  resolved "https://registry.yarnpkg.com/@react-navigation/core/-/core-5.13.2.tgz#8622916da5d001518470567a43c10fa08c845515"
  integrity sha512-tzAzARGkKMHKWejICB60Kp0ECjpa8MyOf8unZrCBB9+1PFEIF5+KaCTLZP/A6JHshW0mGLHsJnrqIKbodWCvzw==
  dependencies:
    "@react-navigation/routers" "^5.5.1"
    escape-string-regexp "^4.0.0"
    nanoid "^3.1.15"
    query-string "^6.13.6"
    react-is "^16.13.0"
    use-subscription "^1.5.0"

"@react-navigation/native@^5.8.2":
  version "5.8.2"
  resolved "https://registry.yarnpkg.com/@react-navigation/native/-/native-5.8.2.tgz#22908a8496447477ad91622f749625ac94ea97f8"
  integrity sha512-1UzngCpEN2I7ppMw8sN1mcI7SdrOKhQJykzakWCDMonTbOFMpc2fMlPbLa0dLIZMRlp6i3wSd2sD41QqRh29nA==
  dependencies:
    "@react-navigation/core" "^5.13.2"
    escape-string-regexp "^4.0.0"
    nanoid "^3.1.15"

"@react-navigation/routers@^5.5.1":
  version "5.5.1"
  resolved "https://registry.yarnpkg.com/@react-navigation/routers/-/routers-5.5.1.tgz#ece34180e0734e453a7f30dbeeaf3856f25afa00"
  integrity sha512-Unn2T5+xnolyGzEhiuFnHEGfgvh7+1OJ5KzBY7T65e4gHWT7E1CO8unRbDxRI0KYkXflmRPCfuDjobVTj5xepw==
  dependencies:
    nanoid "^3.1.15"

decode-uri-component@^0.2.0:
  version "0.2.0"
  resolved "https://registry.yarnpkg.com/decode-uri-component/-/decode-uri-component-0.2.0.tgz#eb3913333458775cb84cd1a1fae062106bb87545"
  integrity sha1-6zkTMzRYd1y4TNGh+uBiEGu4dUU=

escape-string-regexp@^4.0.0:
  version "4.0.0"
  resolved "https://registry.yarnpkg.com/escape-string-regexp/-/escape-string-regexp-4.0.0.tgz#14ba83a5d373e3d311e5afca29cf5bfad965bf34"
  integrity sha512-TtpcNJ3XAzx3Gq8sWRzJaVajRs0uVxA2YAkdb1jm2YkPz4G6egUFAyA3n5vtEIZefPk5Wa4UXbKuS5fKkJWdgA==

nanoid@^3.1.15:
  version "3.1.16"
  resolved "https://registry.yarnpkg.com/nanoid/-/nanoid-3.1.16.tgz#b21f0a7d031196faf75314d7c65d36352beeef64"
  integrity sha512-+AK8MN0WHji40lj8AEuwLOvLSbWYApQpre/aFJZD71r43wVRLrOYS4FmJOPQYon1TqB462RzrrxlfA74XRES8w==

object-assign@^4.1.1:
  version "4.1.1"
  resolved "https://registry.yarnpkg.com/object-assign/-/object-assign-4.1.1.tgz#2109adc7965887cfc05cbbd442cac8bfbb360863"
  integrity sha1-IQmtx5ZYh8/AXLvUQsrIv7s2CGM=

query-string@^6.13.6:
  version "6.13.6"
  resolved "https://registry.yarnpkg.com/query-string/-/query-string-6.13.6.tgz#e5ac7c74f2a5da43fbca0b883b4f0bafba439966"
  integrity sha512-/WWZ7d9na6s2wMEGdVCVgKWE9Rt7nYyNIf7k8xmHXcesPMlEzicWo3lbYwHyA4wBktI2KrXxxZeACLbE84hvSQ==
  dependencies:
    decode-uri-component "^0.2.0"
    split-on-first "^1.0.0"
    strict-uri-encode "^2.0.0"

react-is@^16.13.0:
  version "16.13.1"
  resolved "https://registry.yarnpkg.com/react-is/-/react-is-16.13.1.tgz#789729a4dc36de2999dc156dd6c1d9c18cea56a4"
  integrity sha512-24e6ynE2H+OKt4kqsOvNd8kBpV65zoxbA4BVsEOB3ARVWQki/DHzaUoC5KuON/BiccDaCCTZBuOcfZs70kR8bQ==

split-on-first@^1.0.0:
  version "1.1.0"
  resolved "https://registry.yarnpkg.com/split-on-first/-/split-on-first-1.1.0.tgz#f610afeee3b12bce1d0c30425e76398b78249a5f"
  integrity sha512-43ZssAJaMusuKWL8sKUBQXHWOpq8d6CfN/u1p4gUzfJkM05C8rxTmYrkIPTXapZpORA6LkkzcUulJ8FqA7Uudw==

strict-uri-encode@^2.0.0:
  version "2.0.0"
  resolved "https://registry.yarnpkg.com/strict-uri-encode/-/strict-uri-encode-2.0.0.tgz#b9c7330c7042862f6b142dc274bbcc5866ce3546"
  integrity sha1-ucczDHBChi9rFC3CdLvMWGbONUY=

use-subscription@^1.5.0:
  version "1.5.0"
  resolved "https://registry.yarnpkg.com/use-subscription/-/use-subscription-1.5.0.tgz#0df66fdf97b9a340147ad72f76fac1db6f56d240"
  integrity sha512-/FVRiB2I7NDjzWoNBYPt6YkkvleMm/lFtxj1hH6nX2TVrJ/5UTbovw9OE1efv2Zl0HoAYuTjM7zHd9OsABn5sg==
  dependencies:
    object-assign "^4.1.1"
